
Microsoft Visual Studio Solution File, Format Version 12.00
# Visual Studio 15
VisualStudioVersion = 15.0.27130.2027
MinimumVisualStudioVersion = 10.0.40219.1
Project("{FAE04EC0-301F-11D3-BF4B-00C04F79EFBC}") = "Logging", "Logging\Logging.csproj", "{76D48FDD-6F53-4545-AFF5-88D1D45B8C0F}"
EndProject
Global
	GlobalSection(SolutionConfigurationPlatforms) = preSolution
		Debug|Any CPU = Debug|Any CPU
		Release|Any CPU = Release|Any CPU
	EndGlobalSection
	GlobalSection(ProjectConfigurationPlatforms) = postSolution
		{76D48FDD-6F53-4545-AFF5-88D1D45B8C0F}.Debug|Any CPU.ActiveCfg = Debug|Any CPU
		{76D48FDD-6F53-4545-AFF5-88D1D45B8C0F}.Debug|Any CPU.Build.0 = Debug|Any CPU
		{76D48FDD-6F53-4545-AFF5-88D1D45B8C0F}.Release|Any CPU.ActiveCfg = Release|Any CPU
		{76D48FDD-6F53-4545-AFF5-88D1D45B8C0F}.Release|Any CPU.Build.0 = Release|Any CPU
	EndGlobalSection
	GlobalSection(SolutionProperties) = preSolution
		HideSolutionNode = FALSE
	EndGlobalSection
	GlobalSection(ExtensibilityGlobals) = postSolution
		SolutionGuid = {84C876E7-C434-42D0-9A95-5F5A6C4EF226}
	EndGlobalSection
EndGlobal
